{
  "nodes": {
    "darwin": {
      "inputs": {
        "nixpkgs": [
          "nixpkgs"
        ]
      },
      "locked": {
        "lastModified": 1648278671,
        "narHash": "sha256-1WrR9ex+rKTjZtODNUZQhkWYUprtfOkjOyo9YWL2NMs=",
        "owner": "LnL7",
        "repo": "nix-darwin",
        "rev": "4fdbb8168f61d31d3f90bb0d07f48de709c4fe79",
        "type": "github"
      },
      "original": {
        "owner": "LnL7",
        "repo": "nix-darwin",
        "type": "github"
      }
    },
    "dwarffs": {
      "inputs": {
        "nix": [
          "nix"
        ],
        "nixpkgs": [
          "nixpkgs"
        ]
      },
      "locked": {
        "lastModified": 1646560263,
        "narHash": "sha256-VYJFoEigK0DASnBiYUhQBe0c0O4mlcoGBlYN8qs2TOo=",
        "owner": "edolstra",
        "repo": "dwarffs",
        "rev": "e768ce3239156de05f7ff3210d86a80762730f30",
        "type": "github"
      },
      "original": {
        "owner": "edolstra",
        "repo": "dwarffs",
        "type": "github"
      }
    },
    "fenix": {
      "inputs": {
        "nixpkgs": [
          "nixpkgs"
        ],
        "rust-analyzer-src": "rust-analyzer-src"
      },
      "locked": {
        "lastModified": 1649917643,
        "narHash": "sha256-emZjsBXjnXtg7gwyjImPjNpoA34j7s41+iQfbVE6gwc=",
        "owner": "nix-community",
        "repo": "fenix",
        "rev": "09118026c98a047ec124863f03369daa729dd3d5",
        "type": "github"
      },
      "original": {
        "owner": "nix-community",
        "repo": "fenix",
        "type": "github"
      }
    },
    "flake-utils": {
      "locked": {
        "lastModified": 1649676176,
        "narHash": "sha256-OWKJratjt2RW151VUlJPRALb7OU2S5s+f0vLj4o1bHM=",
        "owner": "numtide",
        "repo": "flake-utils",
        "rev": "a4b154ebbdc88c8498a5c7b01589addc9e9cb678",
        "type": "github"
      },
      "original": {
        "owner": "numtide",
        "repo": "flake-utils",
        "type": "github"
      }
    },
    "home-manager": {
      "inputs": {
        "nixpkgs": [
          "nixpkgs"
        ]
      },
      "locked": {
        "lastModified": 1649984295,
        "narHash": "sha256-55dgKGs7W8eC3s9GYewll9y4IlP/KAlSinjQwshNpxM=",
        "owner": "nix-community",
        "repo": "home-manager",
        "rev": "d49d68f4196d32c5039cb9e91d730cee894f6f14",
        "type": "github"
      },
      "original": {
        "owner": "nix-community",
        "repo": "home-manager",
        "type": "github"
      }
    },
    "lowdown-src": {
      "flake": false,
      "locked": {
        "lastModified": 1633514407,
        "narHash": "sha256-Dw32tiMjdK9t3ETl5fzGrutQTzh2rufgZV4A/BbxuD4=",
        "owner": "kristapsdz",
        "repo": "lowdown",
        "rev": "d2c2b44ff6c27b936ec27358a2653caaef8f73b8",
        "type": "github"
      },
      "original": {
        "owner": "kristapsdz",
        "repo": "lowdown",
        "type": "github"
      }
    },
    "nix": {
      "inputs": {
        "lowdown-src": "lowdown-src",
        "nixpkgs": [
          "nixpkgs"
        ],
        "nixpkgs-regression": "nixpkgs-regression"
      },
      "locked": {
        "lastModified": 1649940927,
        "narHash": "sha256-OpTA66dYzhDh8ygwYz3jVrkaC/tMKyXtrHEMNi5XVBM=",
        "owner": "NixOS",
        "repo": "nix",
        "rev": "d6effddd3b9657988d1e86e1258c33de6ae4af2b",
        "type": "github"
      },
      "original": {
        "owner": "NixOS",
        "repo": "nix",
        "type": "github"
      }
    },
    "nixlib": {
      "locked": {
        "lastModified": 1636849918,
        "narHash": "sha256-nzUK6dPcTmNVrgTAC1EOybSMsrcx+QrVPyqRdyKLkjA=",
        "owner": "nix-community",
        "repo": "nixpkgs.lib",
        "rev": "28a5b0557f14124608db68d3ee1f77e9329e9dd5",
        "type": "github"
      },
      "original": {
        "owner": "nix-community",
        "repo": "nixpkgs.lib",
        "type": "github"
      }
    },
    "nixos-generators": {
      "inputs": {
        "nixlib": "nixlib",
        "nixpkgs": [
          "nixpkgs"
        ]
      },
      "locked": {
        "lastModified": 1649849466,
        "narHash": "sha256-b+yl0uRd0KHB9X6TkL+6zOXUfLd7QDNnyqbL0G5WZsU=",
        "owner": "nix-community",
        "repo": "nixos-generators",
        "rev": "adeb359baddfa336a59824237a6067dd9f59c51b",
        "type": "github"
      },
      "original": {
        "owner": "nix-community",
        "repo": "nixos-generators",
        "type": "github"
      }
    },
    "nixpkgs": {
      "locked": {
        "lastModified": 1649809588,
        "narHash": "sha256-f6sgDj9A8FXTVyA2zkxA66YX+j6BftxE9VHTeIMhEKE=",
        "owner": "NixOS",
        "repo": "nixpkgs",
        "rev": "ff9efb0724de5ae0f9db9df2debefced7eb1571d",
        "type": "github"
      },
      "original": {
        "owner": "NixOS",
        "ref": "nixos-unstable",
        "repo": "nixpkgs",
        "type": "github"
      }
    },
    "nixpkgs-regression": {
      "locked": {
        "lastModified": 1643052045,
        "narHash": "sha256-uGJ0VXIhWKGXxkeNnq4TvV3CIOkUJ3PAoLZ3HMzNVMw=",
        "owner": "NixOS",
        "repo": "nixpkgs",
        "rev": "215d4d0fd80ca5163643b03a33fde804a29cc1e2",
        "type": "github"
      },
      "original": {
        "id": "nixpkgs",
        "rev": "215d4d0fd80ca5163643b03a33fde804a29cc1e2",
        "type": "indirect"
      }
    },
    "rocm": {
      "inputs": {
        "nixpkgs": [
          "nixpkgs"
        ]
      },
      "locked": {
        "lastModified": 1647444996,
        "narHash": "sha256-YlPrJaiM0TxZOic35TDGSqP4B6jikzwcf9HwEYH9sic=",
        "owner": "nixos-rocm",
        "repo": "nixos-rocm",
        "rev": "d6dca648168870af02d5cafcfe5289c34b553f10",
        "type": "github"
      },
      "original": {
        "owner": "nixos-rocm",
        "repo": "nixos-rocm",
        "type": "github"
      }
    },
    "root": {
      "inputs": {
        "darwin": "darwin",
        "dwarffs": "dwarffs",
        "fenix": "fenix",
        "flake-utils": "flake-utils",
        "home-manager": "home-manager",
        "nix": "nix",
        "nixos-generators": "nixos-generators",
        "nixpkgs": "nixpkgs",
        "rocm": "rocm",
        "rycee": "rycee",
        "sops-nix": "sops-nix"
      }
    },
    "rust-analyzer-src": {
      "flake": false,
      "locked": {
        "lastModified": 1649715717,
        "narHash": "sha256-IDjaLg4tvjhqcvb13Q5wrdrMg9iWDVLK4eCliMxPnc0=",
        "owner": "rust-analyzer",
        "repo": "rust-analyzer",
        "rev": "faaec86ff0cf10dbd822a7abbeb381b3b5578141",
        "type": "github"
      },
      "original": {
        "owner": "rust-analyzer",
        "ref": "nightly",
        "repo": "rust-analyzer",
        "type": "github"
      }
    },
    "rycee": {
      "flake": false,
      "locked": {
        "lastModified": 1649995343,
        "narHash": "sha256-KGjxBRtL9zYx7Nu5R43jj7o3M4thToqaXr0HAeJKerQ=",
        "owner": "rycee",
        "repo": "nur-expressions",
        "rev": "818b7b7021900e81c7069023f051f66f282e4428",
        "type": "gitlab"
      },
      "original": {
        "owner": "rycee",
        "repo": "nur-expressions",
        "type": "gitlab"
      }
    },
    "sops-nix": {
      "inputs": {
        "nixpkgs": [
          "nixpkgs"
        ]
      },
      "locked": {
        "lastModified": 1649756291,
        "narHash": "sha256-KTll8bCINAzIUGaaMrbn9wb5nfhkXRLgmFrWGR/Dku0=",
        "owner": "Mic92",
        "repo": "sops-nix",
        "rev": "c2614c4fe61943b3d280ac1892fcebe6e8eaf8c8",
        "type": "github"
      },
      "original": {
        "owner": "Mic92",
        "repo": "sops-nix",
        "type": "github"
      }
    }
  },
  "root": "root",
  "version": 7
}
